
Microsoft Visual Studio Solution File, Format Version 12.00
# Visual Studio Version 16
VisualStudioVersion = 16.0.29230.47
MinimumVisualStudioVersion = 10.0.40219.1
Project("{9A19103F-16F7-4668-BE54-9A1E7A4F7556}") = "ATM.Core", "ATM.Core\ATM.Core.csproj", "{75BCF00B-9F51-4BB9-89C3-88D2E74027CA}"
EndProject
Project("{9A19103F-16F7-4668-BE54-9A1E7A4F7556}") = "ATM.Unit.Test", "ATM.Unit.Test\ATM.Unit.Test.csproj", "{9EBFE2C4-8F2D-4B12-90EF-100456BBBB62}"
EndProject
Project("{FAE04EC0-301F-11D3-BF4B-00C04F79EFBC}") = "atmframework-swtgrp9", "atmframework-swtgrp9\atmframework-swtgrp9.csproj", "{C6F9DE9E-8136-45D7-AC04-907C53B93A2F}"
EndProject
Global
	GlobalSection(SolutionConfigurationPlatforms) = preSolution
		Debug|Any CPU = Debug|Any CPU
		Release|Any CPU = Release|Any CPU
	EndGlobalSection
	GlobalSection(ProjectConfigurationPlatforms) = postSolution
		{75BCF00B-9F51-4BB9-89C3-88D2E74027CA}.Debug|Any CPU.ActiveCfg = Debug|Any CPU
		{75BCF00B-9F51-4BB9-89C3-88D2E74027CA}.Debug|Any CPU.Build.0 = Debug|Any CPU
		{75BCF00B-9F51-4BB9-89C3-88D2E74027CA}.Release|Any CPU.ActiveCfg = Release|Any CPU
		{75BCF00B-9F51-4BB9-89C3-88D2E74027CA}.Release|Any CPU.Build.0 = Release|Any CPU
		{9EBFE2C4-8F2D-4B12-90EF-100456BBBB62}.Debug|Any CPU.ActiveCfg = Debug|Any CPU
		{9EBFE2C4-8F2D-4B12-90EF-100456BBBB62}.Debug|Any CPU.Build.0 = Debug|Any CPU
		{9EBFE2C4-8F2D-4B12-90EF-100456BBBB62}.Release|Any CPU.ActiveCfg = Release|Any CPU
		{9EBFE2C4-8F2D-4B12-90EF-100456BBBB62}.Release|Any CPU.Build.0 = Release|Any CPU
		{C6F9DE9E-8136-45D7-AC04-907C53B93A2F}.Debug|Any CPU.ActiveCfg = Debug|Any CPU
		{C6F9DE9E-8136-45D7-AC04-907C53B93A2F}.Debug|Any CPU.Build.0 = Debug|Any CPU
		{C6F9DE9E-8136-45D7-AC04-907C53B93A2F}.Release|Any CPU.ActiveCfg = Release|Any CPU
		{C6F9DE9E-8136-45D7-AC04-907C53B93A2F}.Release|Any CPU.Build.0 = Release|Any CPU
	EndGlobalSection
	GlobalSection(SolutionProperties) = preSolution
		HideSolutionNode = FALSE
	EndGlobalSection
	GlobalSection(ExtensibilityGlobals) = postSolution
		SolutionGuid = {5FD5BC01-E2A3-4E2E-A743-518BFDEE5D3F}
	EndGlobalSection
EndGlobal
