
Microsoft Visual Studio Solution File, Format Version 12.00
# Visual Studio Version 16
VisualStudioVersion = 16.0.29230.47
MinimumVisualStudioVersion = 10.0.40219.1
Project("{FAE04EC0-301F-11D3-BF4B-00C04F79EFBC}") = "atmframework-swtgrp9", "atmframework-swtgrp9\atmframework-swtgrp9.csproj", "{C6F9DE9E-8136-45D7-AC04-907C53B93A2F}"
EndProject
Project("{FAE04EC0-301F-11D3-BF4B-00C04F79EFBC}") = "ATM.Test.Unit", "ATM.Test.Unit\ATM.Test.Unit.csproj", "{CAD83581-3E4C-460C-99ED-EA3424BE4EF6}"
EndProject
Project("{2150E333-8FDC-42A3-9474-1A3956D46DE8}") = "Solution Items", "Solution Items", "{A34A4B64-AC5A-4844-97FA-FF985FBD5FD6}"
	ProjectSection(SolutionItems) = preProject
		TransponderReceiver.dll = TransponderReceiver.dll
	EndProjectSection
EndProject
Global
	GlobalSection(SolutionConfigurationPlatforms) = preSolution
		Debug|Any CPU = Debug|Any CPU
		Release|Any CPU = Release|Any CPU
	EndGlobalSection
	GlobalSection(ProjectConfigurationPlatforms) = postSolution
		{C6F9DE9E-8136-45D7-AC04-907C53B93A2F}.Debug|Any CPU.ActiveCfg = Debug|Any CPU
		{C6F9DE9E-8136-45D7-AC04-907C53B93A2F}.Debug|Any CPU.Build.0 = Debug|Any CPU
		{C6F9DE9E-8136-45D7-AC04-907C53B93A2F}.Release|Any CPU.ActiveCfg = Release|Any CPU
		{C6F9DE9E-8136-45D7-AC04-907C53B93A2F}.Release|Any CPU.Build.0 = Release|Any CPU
		{CAD83581-3E4C-460C-99ED-EA3424BE4EF6}.Debug|Any CPU.ActiveCfg = Debug|Any CPU
		{CAD83581-3E4C-460C-99ED-EA3424BE4EF6}.Debug|Any CPU.Build.0 = Debug|Any CPU
		{CAD83581-3E4C-460C-99ED-EA3424BE4EF6}.Release|Any CPU.ActiveCfg = Release|Any CPU
		{CAD83581-3E4C-460C-99ED-EA3424BE4EF6}.Release|Any CPU.Build.0 = Release|Any CPU
	EndGlobalSection
	GlobalSection(SolutionProperties) = preSolution
		HideSolutionNode = FALSE
	EndGlobalSection
	GlobalSection(ExtensibilityGlobals) = postSolution
		SolutionGuid = {5FD5BC01-E2A3-4E2E-A743-518BFDEE5D3F}
	EndGlobalSection
EndGlobal
